// !$*UTF8*$!
{
	archiveVersion = 1;
	classes = {
	};
	objectVersion = 46;
	objects = {

/* Begin PBXBuildFile section */
		0848E877CC2FF154B6BB5A69 /* Pods_ChatAttempt.framework in Frameworks */ = {isa = PBXBuildFile; fileRef = 3E3D67DDDD93CE7810D1B622 /* Pods_ChatAttempt.framework */; };
		8B11631A1E18590100987622 /* AppDelegate.swift in Sources */ = {isa = PBXBuildFile; fileRef = 8B1163191E18590100987622 /* AppDelegate.swift */; };
		8B11631C1E18590100987622 /* ViewController.swift in Sources */ = {isa = PBXBuildFile; fileRef = 8B11631B1E18590100987622 /* ViewController.swift */; };
		8B11631F1E18590100987622 /* Main.storyboard in Resources */ = {isa = PBXBuildFile; fileRef = 8B11631D1E18590100987622 /* Main.storyboard */; };
		8B1163211E18590100987622 /* Assets.xcassets in Resources */ = {isa = PBXBuildFile; fileRef = 8B1163201E18590100987622 /* Assets.xcassets */; };
		8B1163241E18590100987622 /* LaunchScreen.storyboard in Resources */ = {isa = PBXBuildFile; fileRef = 8B1163221E18590100987622 /* LaunchScreen.storyboard */; };
		8BC693D51E185D19002350C4 /* MessageCell.swift in Sources */ = {isa = PBXBuildFile; fileRef = 8BC693D41E185D19002350C4 /* MessageCell.swift */; };
/* End PBXBuildFile section */

/* Begin PBXFileReference section */
		3E3D67DDDD93CE7810D1B622 /* Pods_ChatAttempt.framework */ = {isa = PBXFileReference; explicitFileType = wrapper.framework; includeInIndex = 0; path = Pods_ChatAttempt.framework; sourceTree = BUILT_PRODUCTS_DIR; };
		74C1A011C18C8194DDE786D1 /* Pods-ChatAttempt.release.xcconfig */ = {isa = PBXFileReference; includeInIndex = 1; lastKnownFileType = text.xcconfig; name = "Pods-ChatAttempt.release.xcconfig"; path = "Pods/Target Support Files/Pods-ChatAttempt/Pods-ChatAttempt.release.xcconfig"; sourceTree = "<group>"; };
		8B1163161E18590100987622 /* ChatAttempt.app */ = {isa = PBXFileReference; explicitFileType = wrapper.application; includeInIndex = 0; path = ChatAttempt.app; sourceTree = BUILT_PRODUCTS_DIR; };
		8B1163191E18590100987622 /* AppDelegate.swift */ = {isa = PBXFileReference; lastKnownFileType = sourcecode.swift; path = AppDelegate.swift; sourceTree = "<group>"; };
		8B11631B1E18590100987622 /* ViewController.swift */ = {isa = PBXFileReference; lastKnownFileType = sourcecode.swift; path = ViewController.swift; sourceTree = "<group>"; };
		8B11631E1E18590100987622 /* Base */ = {isa = PBXFileReference; lastKnownFileType = file.storyboard; name = Base; path = Base.lproj/Main.storyboard; sourceTree = "<group>"; };
		8B1163201E18590100987622 /* Assets.xcassets */ = {isa = PBXFileReference; lastKnownFileType = folder.assetcatalog; path = Assets.xcassets; sourceTree = "<group>"; };
		8B1163231E18590100987622 /* Base */ = {isa = PBXFileReference; lastKnownFileType = file.storyboard; name = Base; path = Base.lproj/LaunchScreen.storyboard; sourceTree = "<group>"; };
		8B1163251E18590100987622 /* Info.plist */ = {isa = PBXFileReference; lastKnownFileType = text.plist.xml; path = Info.plist; sourceTree = "<group>"; };
		8BC693D41E185D19002350C4 /* MessageCell.swift */ = {isa = PBXFileReference; fileEncoding = 4; lastKnownFileType = sourcecode.swift; path = MessageCell.swift; sourceTree = "<group>"; };
		95D056C30DEC575B70F57764 /* Pods-ChatAttempt.debug.xcconfig */ = {isa = PBXFileReference; includeInIndex = 1; lastKnownFileType = text.xcconfig; name = "Pods-ChatAttempt.debug.xcconfig"; path = "Pods/Target Support Files/Pods-ChatAttempt/Pods-ChatAttempt.debug.xcconfig"; sourceTree = "<group>"; };
/* End PBXFileReference section */

/* Begin PBXFrameworksBuildPhase section */
		8B1163131E18590000987622 /* Frameworks */ = {
			isa = PBXFrameworksBuildPhase;
			buildActionMask = 2147483647;
			files = (
				0848E877CC2FF154B6BB5A69 /* Pods_ChatAttempt.framework in Frameworks */,
			);
			runOnlyForDeploymentPostprocessing = 0;
		};
/* End PBXFrameworksBuildPhase section */

/* Begin PBXGroup section */
		8B11630D1E18590000987622 = {
			isa = PBXGroup;
			children = (
				8B1163181E18590100987622 /* ChatAttempt */,
				8B1163171E18590100987622 /* Products */,
				973A79B19570D1D2C5B68ABE /* Pods */,
				D761A7C517116865F674EC41 /* Frameworks */,
			);
			sourceTree = "<group>";
		};
		8B1163171E18590100987622 /* Products */ = {
			isa = PBXGroup;
			children = (
				8B1163161E18590100987622 /* ChatAttempt.app */,
			);
			name = Products;
			sourceTree = "<group>";
		};
		8B1163181E18590100987622 /* ChatAttempt */ = {
			isa = PBXGroup;
			children = (
				8B1163191E18590100987622 /* AppDelegate.swift */,
				8B11631B1E18590100987622 /* ViewController.swift */,
				8B11631D1E18590100987622 /* Main.storyboard */,
				8BC693D41E185D19002350C4 /* MessageCell.swift */,
				8B1163201E18590100987622 /* Assets.xcassets */,
				8B1163221E18590100987622 /* LaunchScreen.storyboard */,
				8B1163251E18590100987622 /* Info.plist */,
			);
			path = ChatAttempt;
			sourceTree = "<group>";
		};
		973A79B19570D1D2C5B68ABE /* Pods */ = {
			isa = PBXGroup;
			children = (
				95D056C30DEC575B70F57764 /* Pods-ChatAttempt.debug.xcconfig */,
				74C1A011C18C8194DDE786D1 /* Pods-ChatAttempt.release.xcconfig */,
			);
			name = Pods;
			sourceTree = "<group>";
		};
		D761A7C517116865F674EC41 /* Frameworks */ = {
			isa = PBXGroup;
			children = (
				3E3D67DDDD93CE7810D1B622 /* Pods_ChatAttempt.framework */,
			);
			name = Frameworks;
			sourceTree = "<group>";
		};
/* End PBXGroup section */

/* Begin PBXNativeTarget section */
		8B1163151E18590000987622 /* ChatAttempt */ = {
			isa = PBXNativeTarget;
			buildConfigurationList = 8B1163281E18590100987622 /* Build configuration list for PBXNativeTarget "ChatAttempt" */;
			buildPhases = (
				959B21FFCB2B893AA4812EC8 /* [CP] Check Pods Manifest.lock */,
				8B1163121E18590000987622 /* Sources */,
				8B1163131E18590000987622 /* Frameworks */,
				8B1163141E18590000987622 /* Resources */,
				DFEE4C9DE28AB0707666CEE3 /* [CP] Embed Pods Frameworks */,
				193AF3F7F237BCA894145467 /* [CP] Copy Pods Resources */,
			);
			buildRules = (
			);
			dependencies = (
			);
			name = ChatAttempt;
			productName = ChatAttempt;
			productReference = 8B1163161E18590100987622 /* ChatAttempt.app */;
			productType = "com.apple.product-type.application";
		};
/* End PBXNativeTarget section */

/* Begin PBXProject section */
		8B11630E1E18590000987622 /* Project object */ = {
			isa = PBXProject;
			attributes = {
				LastSwiftUpdateCheck = 0820;
				LastUpgradeCheck = 0820;
				ORGANIZATIONNAME = "Tanay Singhal";
				TargetAttributes = {
					8B1163151E18590000987622 = {
						CreatedOnToolsVersion = 8.2.1;
						ProvisioningStyle = Automatic;
					};
				};
			};
			buildConfigurationList = 8B1163111E18590000987622 /* Build configuration list for PBXProject "ChatAttempt" */;
			compatibilityVersion = "Xcode 3.2";
			developmentRegion = English;
			hasScannedForEncodings = 0;
			knownRegions = (
				en,
				Base,
			);
			mainGroup = 8B11630D1E18590000987622;
			productRefGroup = 8B1163171E18590100987622 /* Products */;
			projectDirPath = "";
			projectRoot = "";
			targets = (
				8B1163151E18590000987622 /* ChatAttempt */,
			);
		};
/* End PBXProject section */

/* Begin PBXResourcesBuildPhase section */
		8B1163141E18590000987622 /* Resources */ = {
			isa = PBXResourcesBuildPhase;
			buildActionMask = 2147483647;
			files = (
				8B1163241E18590100987622 /* LaunchScreen.storyboard in Resources */,
				8B1163211E18590100987622 /* Assets.xcassets in Resources */,
				8B11631F1E18590100987622 /* Main.storyboard in Resources */,
			);
			runOnlyForDeploymentPostprocessing = 0;
		};
/* End PBXResourcesBuildPhase section */

/* Begin PBXShellScriptBuildPhase section */
		193AF3F7F237BCA894145467 /* [CP] Copy Pods Resources */ = {
			isa = PBXShellScriptBuildPhase;
			buildActionMask = 2147483647;
			files = (
			);
			inputPaths = (
			);
			name = "[CP] Copy Pods Resources";
			outputPaths = (
			);
			runOnlyForDeploymentPostprocessing = 0;
			shellPath = /bin/sh;
			shellScript = "\"${SRCROOT}/Pods/Target Support Files/Pods-ChatAttempt/Pods-ChatAttempt-resources.sh\"\n";
			showEnvVarsInLog = 0;
		};
		959B21FFCB2B893AA4812EC8 /* [CP] Check Pods Manifest.lock */ = {
			isa = PBXShellScriptBuildPhase;
			buildActionMask = 2147483647;
			files = (
			);
			inputPaths = (
			);
			name = "[CP] Check Pods Manifest.lock";
			outputPaths = (
			);
			runOnlyForDeploymentPostprocessing = 0;
			shellPath = /bin/sh;
			shellScript = "diff \"${PODS_ROOT}/../Podfile.lock\" \"${PODS_ROOT}/Manifest.lock\" > /dev/null\nif [ $? != 0 ] ; then\n    # print error to STDERR\n    echo \"error: The sandbox is not in sync with the Podfile.lock. Run 'pod install' or update your CocoaPods installation.\" >&2\n    exit 1\nfi\n";
			showEnvVarsInLog = 0;
		};
		DFEE4C9DE28AB0707666CEE3 /* [CP] Embed Pods Frameworks */ = {
			isa = PBXShellScriptBuildPhase;
			buildActionMask = 2147483647;
			files = (
			);
			inputPaths = (
			);
			name = "[CP] Embed Pods Frameworks";
			outputPaths = (
			);
			runOnlyForDeploymentPostprocessing = 0;
			shellPath = /bin/sh;
			shellScript = "\"${SRCROOT}/Pods/Target Support Files/Pods-ChatAttempt/Pods-ChatAttempt-frameworks.sh\"\n";
			showEnvVarsInLog = 0;
		};
/* End PBXShellScriptBuildPhase section */

/* Begin PBXSourcesBuildPhase section */
		8B1163121E18590000987622 /* Sources */ = {
			isa = PBXSourcesBuildPhase;
			buildActionMask = 2147483647;
			files = (
				8B11631C1E18590100987622 /* ViewController.swift in Sources */,
				8B11631A1E18590100987622 /* AppDelegate.swift in Sources */,
				8BC693D51E185D19002350C4 /* MessageCell.swift in Sources */,
			);
			runOnlyForDeploymentPostprocessing = 0;
		};
/* End PBXSourcesBuildPhase section */

/* Begin PBXVariantGroup section */
		8B11631D1E18590100987622 /* Main.storyboard */ = {
			isa = PBXVariantGroup;
			children = (
				8B11631E1E18590100987622 /* Base */,
			);
			name = Main.storyboard;
			sourceTree = "<group>";
		};
		8B1163221E18590100987622 /* LaunchScreen.storyboard */ = {
			isa = PBXVariantGroup;
			children = (
				8B1163231E18590100987622 /* Base */,
			);
			name = LaunchScreen.storyboard;
			sourceTree = "<group>";
		};
/* End PBXVariantGroup section */

/* Begin XCBuildConfiguration section */
		8B1163261E18590100987622 /* Debug */ = {
			isa = XCBuildConfiguration;
			buildSettings = {
				ALWAYS_SEARCH_USER_PATHS = NO;
				CLANG_ANALYZER_NONNULL = YES;
				CLANG_CXX_LANGUAGE_STANDARD = "gnu++0x";
				CLANG_CXX_LIBRARY = "libc++";
				CLANG_ENABLE_MODULES = YES;
				CLANG_ENABLE_OBJC_ARC = YES;
				CLANG_WARN_BOOL_CONVERSION = YES;
				CLANG_WARN_CONSTANT_CONVERSION = YES;
				CLANG_WARN_DIRECT_OBJC_ISA_USAGE = YES_ERROR;
				CLANG_WARN_DOCUMENTATION_COMMENTS = YES;
				CLANG_WARN_EMPTY_BODY = YES;
				CLANG_WARN_ENUM_CONVERSION = YES;
				CLANG_WARN_INFINITE_RECURSION = YES;
				CLANG_WARN_INT_CONVERSION = YES;
				CLANG_WARN_OBJC_ROOT_CLASS = YES_ERROR;
				CLANG_WARN_SUSPICIOUS_MOVE = YES;
				CLANG_WARN_UNREACHABLE_CODE = YES;
				CLANG_WARN__DUPLICATE_METHOD_MATCH = YES;
				"CODE_SIGN_IDENTITY[sdk=iphoneos*]" = "iPhone Developer";
				COPY_PHASE_STRIP = NO;
				DEBUG_INFORMATION_FORMAT = dwarf;
				ENABLE_STRICT_OBJC_MSGSEND = YES;
				ENABLE_TESTABILITY = YES;
				GCC_C_LANGUAGE_STANDARD = gnu99;
				GCC_DYNAMIC_NO_PIC = NO;
				GCC_NO_COMMON_BLOCKS = YES;
				GCC_OPTIMIZATION_LEVEL = 0;
				GCC_PREPROCESSOR_DEFINITIONS = (
					"DEBUG=1",
					"$(inherited)",
				);
				GCC_WARN_64_TO_32_BIT_CONVERSION = YES;
				GCC_WARN_ABOUT_RETURN_TYPE = YES_ERROR;
				GCC_WARN_UNDECLARED_SELECTOR = YES;
				GCC_WARN_UNINITIALIZED_AUTOS = YES_AGGRESSIVE;
				GCC_WARN_UNUSED_FUNCTION = YES;
				GCC_WARN_UNUSED_VARIABLE = YES;
				IPHONEOS_DEPLOYMENT_TARGET = 10.2;
				MTL_ENABLE_DEBUG_INFO = YES;
				ONLY_ACTIVE_ARCH = YES;
				SDKROOT = iphoneos;
				SWIFT_ACTIVE_COMPILATION_CONDITIONS = DEBUG;
				SWIFT_OPTIMIZATION_LEVEL = "-Onone";
				TARGETED_DEVICE_FAMILY = "1,2";
			};
			name = Debug;
		};
		8B1163271E18590100987622 /* Release */ = {
			isa = XCBuildConfiguration;
			buildSettings = {
				ALWAYS_SEARCH_USER_PATHS = NO;
				CLANG_ANALYZER_NONNULL = YES;
				CLANG_CXX_LANGUAGE_STANDARD = "gnu++0x";
				CLANG_CXX_LIBRARY = "libc++";
				CLANG_ENABLE_MODULES = YES;
				CLANG_ENABLE_OBJC_ARC = YES;
				CLANG_WARN_BOOL_CONVERSION = YES;
				CLANG_WARN_CONSTANT_CONVERSION = YES;
				CLANG_WARN_DIRECT_OBJC_ISA_USAGE = YES_ERROR;
				CLANG_WARN_DOCUMENTATION_COMMENTS = YES;
				CLANG_WARN_EMPTY_BODY = YES;
				CLANG_WARN_ENUM_CONVERSION = YES;
				CLANG_WARN_INFINITE_RECURSION = YES;
				CLANG_WARN_INT_CONVERSION = YES;
				CLANG_WARN_OBJC_ROOT_CLASS = YES_ERROR;
				CLANG_WARN_SUSPICIOUS_MOVE = YES;
				CLANG_WARN_UNREACHABLE_CODE = YES;
				CLANG_WARN__DUPLICATE_METHOD_MATCH = YES;
				"CODE_SIGN_IDENTITY[sdk=iphoneos*]" = "iPhone Developer";
				COPY_PHASE_STRIP = NO;
				DEBUG_INFORMATION_FORMAT = "dwarf-with-dsym";
				ENABLE_NS_ASSERTIONS = NO;
				ENABLE_STRICT_OBJC_MSGSEND = YES;
				GCC_C_LANGUAGE_STANDARD = gnu99;
				GCC_NO_COMMON_BLOCKS = YES;
				GCC_WARN_64_TO_32_BIT_CONVERSION = YES;
				GCC_WARN_ABOUT_RETURN_TYPE = YES_ERROR;
				GCC_WARN_UNDECLARED_SELECTOR = YES;
				GCC_WARN_UNINITIALIZED_AUTOS = YES_AGGRESSIVE;
				GCC_WARN_UNUSED_FUNCTION = YES;
				GCC_WARN_UNUSED_VARIABLE = YES;
				IPHONEOS_DEPLOYMENT_TARGET = 10.2;
				MTL_ENABLE_DEBUG_INFO = NO;
				SDKROOT = iphoneos;
				SWIFT_OPTIMIZATION_LEVEL = "-Owholemodule";
				TARGETED_DEVICE_FAMILY = "1,2";
				VALIDATE_PRODUCT = YES;
			};
			name = Release;
		};
		8B1163291E18590100987622 /* Debug */ = {
			isa = XCBuildConfiguration;
			baseConfigurationReference = 95D056C30DEC575B70F57764 /* Pods-ChatAttempt.debug.xcconfig */;
			buildSettings = {
				ASSETCATALOG_COMPILER_APPICON_NAME = AppIcon;
				INFOPLIST_FILE = ChatAttempt/Info.plist;
				IPHONEOS_DEPLOYMENT_TARGET = 9.3;
				LD_RUNPATH_SEARCH_PATHS = "$(inherited) @executable_path/Frameworks";
				PRODUCT_BUNDLE_IDENTIFIER = com.WiseTurtleStudios.ChatAttempt;
				PRODUCT_NAME = "$(TARGET_NAME)";
				SWIFT_VERSION = 3.0;
			};
			name = Debug;
		};
		8B11632A1E18590100987622 /* Release */ = {
			isa = XCBuildConfiguration;
			baseConfigurationReference = 74C1A011C18C8194DDE786D1 /* Pods-ChatAttempt.release.xcconfig */;
			buildSettings = {
				ASSETCATALOG_COMPILER_APPICON_NAME = AppIcon;
				INFOPLIST_FILE = ChatAttempt/Info.plist;
				IPHONEOS_DEPLOYMENT_TARGET = 9.3;
				LD_RUNPATH_SEARCH_PATHS = "$(inherited) @executable_path/Frameworks";
				PRODUCT_BUNDLE_IDENTIFIER = com.WiseTurtleStudios.ChatAttempt;
				PRODUCT_NAME = "$(TARGET_NAME)";
				SWIFT_VERSION = 3.0;
			};
			name = Release;
		};
/* End XCBuildConfiguration section */

/* Begin XCConfigurationList section */
		8B1163111E18590000987622 /* Build configuration list for PBXProject "ChatAttempt" */ = {
			isa = XCConfigurationList;
			buildConfigurations = (
				8B1163261E18590100987622 /* Debug */,
				8B1163271E18590100987622 /* Release */,
			);
			defaultConfigurationIsVisible = 0;
			defaultConfigurationName = Release;
		};
		8B1163281E18590100987622 /* Build configuration list for PBXNativeTarget "ChatAttempt" */ = {
			isa = XCConfigurationList;
			buildConfigurations = (
				8B1163291E18590100987622 /* Debug */,
				8B11632A1E18590100987622 /* Release */,
			);
			defaultConfigurationIsVisible = 0;
			defaultConfigurationName = Release;
		};
/* End XCConfigurationList section */
	};
	rootObject = 8B11630E1E18590000987622 /* Project object */;
}
